
Microsoft Visual Studio Solution File, Format Version 12.00
# Visual Studio Version 17
VisualStudioVersion = 17.10.35013.160
MinimumVisualStudioVersion = 10.0.40219.1
Project("{FAE04EC0-301F-11D3-BF4B-00C04F79EFBC}") = "DragDrop", "DragDrop\DragDrop.csproj", "{BE157B65-A9DD-4E83-A1DF-A19C813553DE}"
EndProject
Global
	GlobalSection(SolutionConfigurationPlatforms) = preSolution
		Debug|Any CPU = Debug|Any CPU
		Release|Any CPU = Release|Any CPU
	EndGlobalSection
	GlobalSection(ProjectConfigurationPlatforms) = postSolution
		{BE157B65-A9DD-4E83-A1DF-A19C813553DE}.Debug|Any CPU.ActiveCfg = Debug|Any CPU
		{BE157B65-A9DD-4E83-A1DF-A19C813553DE}.Debug|Any CPU.Build.0 = Debug|Any CPU
		{BE157B65-A9DD-4E83-A1DF-A19C813553DE}.Release|Any CPU.ActiveCfg = Release|Any CPU
		{BE157B65-A9DD-4E83-A1DF-A19C813553DE}.Release|Any CPU.Build.0 = Release|Any CPU
	EndGlobalSection
	GlobalSection(SolutionProperties) = preSolution
		HideSolutionNode = FALSE
	EndGlobalSection
	GlobalSection(ExtensibilityGlobals) = postSolution
		SolutionGuid = {F46C1438-F781-455C-A64D-EC85FE54D52D}
	EndGlobalSection
EndGlobal
